
Microsoft Visual Studio Solution File, Format Version 12.00
# Visual Studio Version 16
VisualStudioVersion = 16.0.30128.74
MinimumVisualStudioVersion = 10.0.40219.1
Project("{FAE04EC0-301F-11D3-BF4B-00C04F79EFBC}") = "DesignPatterns", "DesignPatterns\DesignPatterns.csproj", "{439D6422-3F26-4868-BDE2-F318BFBD561F}"
EndProject
Global
	GlobalSection(SolutionConfigurationPlatforms) = preSolution
		Debug|Any CPU = Debug|Any CPU
		Release|Any CPU = Release|Any CPU
	EndGlobalSection
	GlobalSection(ProjectConfigurationPlatforms) = postSolution
		{439D6422-3F26-4868-BDE2-F318BFBD561F}.Debug|Any CPU.ActiveCfg = Debug|Any CPU
		{439D6422-3F26-4868-BDE2-F318BFBD561F}.Debug|Any CPU.Build.0 = Debug|Any CPU
		{439D6422-3F26-4868-BDE2-F318BFBD561F}.Release|Any CPU.ActiveCfg = Release|Any CPU
		{439D6422-3F26-4868-BDE2-F318BFBD561F}.Release|Any CPU.Build.0 = Release|Any CPU
	EndGlobalSection
	GlobalSection(SolutionProperties) = preSolution
		HideSolutionNode = FALSE
	EndGlobalSection
	GlobalSection(ExtensibilityGlobals) = postSolution
		SolutionGuid = {529F93A5-360E-498E-849A-99C376042050}
	EndGlobalSection
EndGlobal
